
Microsoft Visual Studio Solution File, Format Version 12.00
# Visual Studio Version 16
VisualStudioVersion = 16.0.30002.166
MinimumVisualStudioVersion = 10.0.40219.1
Project("{8BC9CEB8-8B4A-11D0-8D11-00A0C91BC942}") = "pgeCore", "engine\pgeCore.vcxproj", "{098A6116-1A04-455D-9609-EA07289F6F8B}"
EndProject
Project("{2150E333-8FDC-42A3-9474-1A3956D46DE8}") = "Solution Items", "Solution Items", "{E7201A00-44D5-478A-A81F-58748F5F4A31}"
	ProjectSection(SolutionItems) = preProject
		README.md = README.md
	EndProjectSection
EndProject
Global
	GlobalSection(SolutionConfigurationPlatforms) = preSolution
		Debug|x64 = Debug|x64
		Debug|x86 = Debug|x86
		Release|x64 = Release|x64
		Release|x86 = Release|x86
	EndGlobalSection
	GlobalSection(ProjectConfigurationPlatforms) = postSolution
		{098A6116-1A04-455D-9609-EA07289F6F8B}.Debug|x64.ActiveCfg = Debug|x64
		{098A6116-1A04-455D-9609-EA07289F6F8B}.Debug|x64.Build.0 = Debug|x64
		{098A6116-1A04-455D-9609-EA07289F6F8B}.Debug|x86.ActiveCfg = Debug|Win32
		{098A6116-1A04-455D-9609-EA07289F6F8B}.Debug|x86.Build.0 = Debug|Win32
		{098A6116-1A04-455D-9609-EA07289F6F8B}.Release|x64.ActiveCfg = Release|x64
		{098A6116-1A04-455D-9609-EA07289F6F8B}.Release|x64.Build.0 = Release|x64
		{098A6116-1A04-455D-9609-EA07289F6F8B}.Release|x86.ActiveCfg = Release|Win32
		{098A6116-1A04-455D-9609-EA07289F6F8B}.Release|x86.Build.0 = Release|Win32
	EndGlobalSection
	GlobalSection(SolutionProperties) = preSolution
		HideSolutionNode = FALSE
	EndGlobalSection
	GlobalSection(ExtensibilityGlobals) = postSolution
		SolutionGuid = {3284B160-E158-499D-B1F3-0D8A692EAB88}
	EndGlobalSection
EndGlobal
