
Microsoft Visual Studio Solution File, Format Version 12.00
# Visual Studio Version 16
VisualStudioVersion = 16.0.30002.166
MinimumVisualStudioVersion = 10.0.40219.1
Project("{8BC9CEB8-8B4A-11D0-8D11-00A0C91BC942}") = "pgEngine", "engine\pgeCore.vcxproj", "{098A6116-1A04-455D-9609-EA07289F6F8B}"
EndProject
Project("{2150E333-8FDC-42A3-9474-1A3956D46DE8}") = "Solution Items", "Solution Items", "{E7201A00-44D5-478A-A81F-58748F5F4A31}"
	ProjectSection(SolutionItems) = preProject
		README.md = README.md
	EndProjectSection
EndProject
Project("{2150E333-8FDC-42A3-9474-1A3956D46DE8}") = "examples", "examples", "{BE225716-8ADD-4003-8AD7-659957ED807C}"
EndProject
Project("{8BC9CEB8-8B4A-11D0-8D11-00A0C91BC942}") = "basicExample", "examples\basic\basicExample.vcxproj", "{94A0EB9E-4B23-49B5-99B7-FFDCD5AFE5C3}"
	ProjectSection(ProjectDependencies) = postProject
		{098A6116-1A04-455D-9609-EA07289F6F8B} = {098A6116-1A04-455D-9609-EA07289F6F8B}
	EndProjectSection
EndProject
Project("{2150E333-8FDC-42A3-9474-1A3956D46DE8}") = "extensions", "extensions", "{31D5338E-1016-47FC-A5AA-C05A425D15F6}"
EndProject
Project("{8BC9CEB8-8B4A-11D0-8D11-00A0C91BC942}") = "pgexPopupMenu", "extensions\popUpMenu\pgexPopupMenu.vcxproj", "{E4BAA147-F99E-498E-9B03-FF7C54E5E8C7}"
EndProject
Project("{8BC9CEB8-8B4A-11D0-8D11-00A0C91BC942}") = "pgexGraphics2D", "extensions\graphics2D\pgexGraphics2D.vcxproj", "{6BA02D25-1988-41A6-A060-7914616229A5}"
EndProject
Project("{8BC9CEB8-8B4A-11D0-8D11-00A0C91BC942}") = "pgexGraphics3D", "extensions\graphics3D\pgexGraphics3D.vcxproj", "{531ECCE6-673B-4480-A3FB-93C59BED1E97}"
EndProject
Project("{8BC9CEB8-8B4A-11D0-8D11-00A0C91BC942}") = "pgexSound", "extensions\sound\pgexSound.vcxproj", "{83CF2FD0-CA25-4063-8A30-970FE647D3BE}"
EndProject
Project("{8BC9CEB8-8B4A-11D0-8D11-00A0C91BC942}") = "retroMenu", "examples\retroMenu\retroMenu.vcxproj", "{B5908CBE-AF65-41B1-867A-48DAB05A18BD}"
EndProject
Project("{8BC9CEB8-8B4A-11D0-8D11-00A0C91BC942}") = "soundTest", "examples\soundTest\soundTest.vcxproj", "{E3C01C2B-06F4-4A92-99CC-2820291E30BF}"
EndProject
Global
	GlobalSection(SolutionConfigurationPlatforms) = preSolution
		Debug|x64 = Debug|x64
		Debug|x86 = Debug|x86
		Release|x64 = Release|x64
		Release|x86 = Release|x86
	EndGlobalSection
	GlobalSection(ProjectConfigurationPlatforms) = postSolution
		{098A6116-1A04-455D-9609-EA07289F6F8B}.Debug|x64.ActiveCfg = Debug|x64
		{098A6116-1A04-455D-9609-EA07289F6F8B}.Debug|x64.Build.0 = Debug|x64
		{098A6116-1A04-455D-9609-EA07289F6F8B}.Debug|x86.ActiveCfg = Debug|Win32
		{098A6116-1A04-455D-9609-EA07289F6F8B}.Debug|x86.Build.0 = Debug|Win32
		{098A6116-1A04-455D-9609-EA07289F6F8B}.Release|x64.ActiveCfg = Release|x64
		{098A6116-1A04-455D-9609-EA07289F6F8B}.Release|x64.Build.0 = Release|x64
		{098A6116-1A04-455D-9609-EA07289F6F8B}.Release|x86.ActiveCfg = Release|Win32
		{098A6116-1A04-455D-9609-EA07289F6F8B}.Release|x86.Build.0 = Release|Win32
		{94A0EB9E-4B23-49B5-99B7-FFDCD5AFE5C3}.Debug|x64.ActiveCfg = Debug|x64
		{94A0EB9E-4B23-49B5-99B7-FFDCD5AFE5C3}.Debug|x64.Build.0 = Debug|x64
		{94A0EB9E-4B23-49B5-99B7-FFDCD5AFE5C3}.Debug|x86.ActiveCfg = Debug|Win32
		{94A0EB9E-4B23-49B5-99B7-FFDCD5AFE5C3}.Debug|x86.Build.0 = Debug|Win32
		{94A0EB9E-4B23-49B5-99B7-FFDCD5AFE5C3}.Release|x64.ActiveCfg = Release|x64
		{94A0EB9E-4B23-49B5-99B7-FFDCD5AFE5C3}.Release|x64.Build.0 = Release|x64
		{94A0EB9E-4B23-49B5-99B7-FFDCD5AFE5C3}.Release|x86.ActiveCfg = Release|Win32
		{94A0EB9E-4B23-49B5-99B7-FFDCD5AFE5C3}.Release|x86.Build.0 = Release|Win32
		{E4BAA147-F99E-498E-9B03-FF7C54E5E8C7}.Debug|x64.ActiveCfg = Debug|x64
		{E4BAA147-F99E-498E-9B03-FF7C54E5E8C7}.Debug|x64.Build.0 = Debug|x64
		{E4BAA147-F99E-498E-9B03-FF7C54E5E8C7}.Debug|x86.ActiveCfg = Debug|Win32
		{E4BAA147-F99E-498E-9B03-FF7C54E5E8C7}.Debug|x86.Build.0 = Debug|Win32
		{E4BAA147-F99E-498E-9B03-FF7C54E5E8C7}.Release|x64.ActiveCfg = Release|x64
		{E4BAA147-F99E-498E-9B03-FF7C54E5E8C7}.Release|x64.Build.0 = Release|x64
		{E4BAA147-F99E-498E-9B03-FF7C54E5E8C7}.Release|x86.ActiveCfg = Release|Win32
		{E4BAA147-F99E-498E-9B03-FF7C54E5E8C7}.Release|x86.Build.0 = Release|Win32
		{6BA02D25-1988-41A6-A060-7914616229A5}.Debug|x64.ActiveCfg = Debug|x64
		{6BA02D25-1988-41A6-A060-7914616229A5}.Debug|x64.Build.0 = Debug|x64
		{6BA02D25-1988-41A6-A060-7914616229A5}.Debug|x86.ActiveCfg = Debug|Win32
		{6BA02D25-1988-41A6-A060-7914616229A5}.Debug|x86.Build.0 = Debug|Win32
		{6BA02D25-1988-41A6-A060-7914616229A5}.Release|x64.ActiveCfg = Release|x64
		{6BA02D25-1988-41A6-A060-7914616229A5}.Release|x64.Build.0 = Release|x64
		{6BA02D25-1988-41A6-A060-7914616229A5}.Release|x86.ActiveCfg = Release|Win32
		{6BA02D25-1988-41A6-A060-7914616229A5}.Release|x86.Build.0 = Release|Win32
		{531ECCE6-673B-4480-A3FB-93C59BED1E97}.Debug|x64.ActiveCfg = Debug|x64
		{531ECCE6-673B-4480-A3FB-93C59BED1E97}.Debug|x64.Build.0 = Debug|x64
		{531ECCE6-673B-4480-A3FB-93C59BED1E97}.Debug|x86.ActiveCfg = Debug|Win32
		{531ECCE6-673B-4480-A3FB-93C59BED1E97}.Debug|x86.Build.0 = Debug|Win32
		{531ECCE6-673B-4480-A3FB-93C59BED1E97}.Release|x64.ActiveCfg = Release|x64
		{531ECCE6-673B-4480-A3FB-93C59BED1E97}.Release|x64.Build.0 = Release|x64
		{531ECCE6-673B-4480-A3FB-93C59BED1E97}.Release|x86.ActiveCfg = Release|Win32
		{531ECCE6-673B-4480-A3FB-93C59BED1E97}.Release|x86.Build.0 = Release|Win32
		{83CF2FD0-CA25-4063-8A30-970FE647D3BE}.Debug|x64.ActiveCfg = Debug|x64
		{83CF2FD0-CA25-4063-8A30-970FE647D3BE}.Debug|x64.Build.0 = Debug|x64
		{83CF2FD0-CA25-4063-8A30-970FE647D3BE}.Debug|x86.ActiveCfg = Debug|Win32
		{83CF2FD0-CA25-4063-8A30-970FE647D3BE}.Debug|x86.Build.0 = Debug|Win32
		{83CF2FD0-CA25-4063-8A30-970FE647D3BE}.Release|x64.ActiveCfg = Release|x64
		{83CF2FD0-CA25-4063-8A30-970FE647D3BE}.Release|x64.Build.0 = Release|x64
		{83CF2FD0-CA25-4063-8A30-970FE647D3BE}.Release|x86.ActiveCfg = Release|Win32
		{83CF2FD0-CA25-4063-8A30-970FE647D3BE}.Release|x86.Build.0 = Release|Win32
		{B5908CBE-AF65-41B1-867A-48DAB05A18BD}.Debug|x64.ActiveCfg = Debug|x64
		{B5908CBE-AF65-41B1-867A-48DAB05A18BD}.Debug|x64.Build.0 = Debug|x64
		{B5908CBE-AF65-41B1-867A-48DAB05A18BD}.Debug|x86.ActiveCfg = Debug|Win32
		{B5908CBE-AF65-41B1-867A-48DAB05A18BD}.Debug|x86.Build.0 = Debug|Win32
		{B5908CBE-AF65-41B1-867A-48DAB05A18BD}.Release|x64.ActiveCfg = Release|x64
		{B5908CBE-AF65-41B1-867A-48DAB05A18BD}.Release|x64.Build.0 = Release|x64
		{B5908CBE-AF65-41B1-867A-48DAB05A18BD}.Release|x86.ActiveCfg = Release|Win32
		{B5908CBE-AF65-41B1-867A-48DAB05A18BD}.Release|x86.Build.0 = Release|Win32
		{E3C01C2B-06F4-4A92-99CC-2820291E30BF}.Debug|x64.ActiveCfg = Debug|x64
		{E3C01C2B-06F4-4A92-99CC-2820291E30BF}.Debug|x64.Build.0 = Debug|x64
		{E3C01C2B-06F4-4A92-99CC-2820291E30BF}.Debug|x86.ActiveCfg = Debug|Win32
		{E3C01C2B-06F4-4A92-99CC-2820291E30BF}.Debug|x86.Build.0 = Debug|Win32
		{E3C01C2B-06F4-4A92-99CC-2820291E30BF}.Release|x64.ActiveCfg = Release|x64
		{E3C01C2B-06F4-4A92-99CC-2820291E30BF}.Release|x64.Build.0 = Release|x64
		{E3C01C2B-06F4-4A92-99CC-2820291E30BF}.Release|x86.ActiveCfg = Release|Win32
		{E3C01C2B-06F4-4A92-99CC-2820291E30BF}.Release|x86.Build.0 = Release|Win32
	EndGlobalSection
	GlobalSection(SolutionProperties) = preSolution
		HideSolutionNode = FALSE
	EndGlobalSection
	GlobalSection(NestedProjects) = preSolution
		{94A0EB9E-4B23-49B5-99B7-FFDCD5AFE5C3} = {BE225716-8ADD-4003-8AD7-659957ED807C}
		{E4BAA147-F99E-498E-9B03-FF7C54E5E8C7} = {31D5338E-1016-47FC-A5AA-C05A425D15F6}
		{6BA02D25-1988-41A6-A060-7914616229A5} = {31D5338E-1016-47FC-A5AA-C05A425D15F6}
		{531ECCE6-673B-4480-A3FB-93C59BED1E97} = {31D5338E-1016-47FC-A5AA-C05A425D15F6}
		{83CF2FD0-CA25-4063-8A30-970FE647D3BE} = {31D5338E-1016-47FC-A5AA-C05A425D15F6}
		{B5908CBE-AF65-41B1-867A-48DAB05A18BD} = {BE225716-8ADD-4003-8AD7-659957ED807C}
		{E3C01C2B-06F4-4A92-99CC-2820291E30BF} = {BE225716-8ADD-4003-8AD7-659957ED807C}
	EndGlobalSection
	GlobalSection(ExtensibilityGlobals) = postSolution
		SolutionGuid = {3284B160-E158-499D-B1F3-0D8A692EAB88}
	EndGlobalSection
EndGlobal
