
Microsoft Visual Studio Solution File, Format Version 12.00
# Visual Studio Version 16
VisualStudioVersion = 16.0.30002.166
MinimumVisualStudioVersion = 10.0.40219.1
Project("{8BC9CEB8-8B4A-11D0-8D11-00A0C91BC942}") = "pgexPopupMenu", "pgexPopupMenu.vcxproj", "{E4BAA147-F99E-498E-9B03-FF7C54E5E8C7}"
EndProject
Global
	GlobalSection(SolutionConfigurationPlatforms) = preSolution
		Debug|x64 = Debug|x64
		Debug|x86 = Debug|x86
		Release|x64 = Release|x64
		Release|x86 = Release|x86
	EndGlobalSection
	GlobalSection(ProjectConfigurationPlatforms) = postSolution
		{E4BAA147-F99E-498E-9B03-FF7C54E5E8C7}.Debug|x64.ActiveCfg = Debug|x64
		{E4BAA147-F99E-498E-9B03-FF7C54E5E8C7}.Debug|x64.Build.0 = Debug|x64
		{E4BAA147-F99E-498E-9B03-FF7C54E5E8C7}.Debug|x86.ActiveCfg = Debug|Win32
		{E4BAA147-F99E-498E-9B03-FF7C54E5E8C7}.Debug|x86.Build.0 = Debug|Win32
		{E4BAA147-F99E-498E-9B03-FF7C54E5E8C7}.Release|x64.ActiveCfg = Release|x64
		{E4BAA147-F99E-498E-9B03-FF7C54E5E8C7}.Release|x64.Build.0 = Release|x64
		{E4BAA147-F99E-498E-9B03-FF7C54E5E8C7}.Release|x86.ActiveCfg = Release|Win32
		{E4BAA147-F99E-498E-9B03-FF7C54E5E8C7}.Release|x86.Build.0 = Release|Win32
	EndGlobalSection
	GlobalSection(SolutionProperties) = preSolution
		HideSolutionNode = FALSE
	EndGlobalSection
	GlobalSection(ExtensibilityGlobals) = postSolution
		SolutionGuid = {36B6222A-93DB-47AD-A0E0-3CE3988BD8E9}
	EndGlobalSection
EndGlobal
